
Microsoft Visual Studio Solution File, Format Version 12.00
# Visual Studio Version 17
VisualStudioVersion = 17.7.34024.191
MinimumVisualStudioVersion = 10.0.40219.1
Project("{FAE04EC0-301F-11D3-BF4B-00C04F79EFBC}") = "Composite2", "Composite2\Composite2.csproj", "{BA97268F-6E5B-45DB-B140-245F18B2DE30}"
EndProject
Global
	GlobalSection(SolutionConfigurationPlatforms) = preSolution
		Debug|Any CPU = Debug|Any CPU
		Release|Any CPU = Release|Any CPU
	EndGlobalSection
	GlobalSection(ProjectConfigurationPlatforms) = postSolution
		{BA97268F-6E5B-45DB-B140-245F18B2DE30}.Debug|Any CPU.ActiveCfg = Debug|Any CPU
		{BA97268F-6E5B-45DB-B140-245F18B2DE30}.Debug|Any CPU.Build.0 = Debug|Any CPU
		{BA97268F-6E5B-45DB-B140-245F18B2DE30}.Release|Any CPU.ActiveCfg = Release|Any CPU
		{BA97268F-6E5B-45DB-B140-245F18B2DE30}.Release|Any CPU.Build.0 = Release|Any CPU
	EndGlobalSection
	GlobalSection(SolutionProperties) = preSolution
		HideSolutionNode = FALSE
	EndGlobalSection
	GlobalSection(ExtensibilityGlobals) = postSolution
		SolutionGuid = {DB42E50F-6361-4B40-AC70-DB0638C6D38A}
	EndGlobalSection
EndGlobal
